
Microsoft Visual Studio Solution File, Format Version 12.00
# Visual Studio 14
VisualStudioVersion = 14.0.24720.0
MinimumVisualStudioVersion = 10.0.40219.1
Project("{FAE04EC0-301F-11D3-BF4B-00C04F79EFBC}") = "Gudvis_F.Droid", "Gudvis_F\Gudvis_F.Droid\Gudvis_F.Droid.csproj", "{A795DFFD-2EE8-423A-AA98-0EF7187BBA27}"
EndProject
Project("{FAE04EC0-301F-11D3-BF4B-00C04F79EFBC}") = "Gudvis_F.iOS", "Gudvis_F\Gudvis_F.iOS\Gudvis_F.iOS.csproj", "{9F3AD0DB-6D7F-48B4-8EF1-3A5B02F5CCE8}"
EndProject
Project("{FAE04EC0-301F-11D3-BF4B-00C04F79EFBC}") = "Gudvis_F.WinPhone", "Gudvis_F\Gudvis_F.WinPhone\Gudvis_F.WinPhone.csproj", "{67B6F5E3-969C-4BA6-989E-C21496960920}"
EndProject
Project("{FAE04EC0-301F-11D3-BF4B-00C04F79EFBC}") = "Gudvis_F.Windows", "Gudvis_F\Gudvis_F.Windows\Gudvis_F.Windows.csproj", "{D3BF54DB-DFB5-4E18-AC43-18EC98D2BE74}"
EndProject
Project("{FAE04EC0-301F-11D3-BF4B-00C04F79EFBC}") = "Gudvis_F", "Gudvis_F\Gudvis_F\Gudvis_F.csproj", "{831D30B7-F668-4700-8BD2-B6FE83D45C98}"
EndProject
Global
	GlobalSection(SolutionConfigurationPlatforms) = preSolution
		Ad-Hoc|Any CPU = Ad-Hoc|Any CPU
		Ad-Hoc|ARM = Ad-Hoc|ARM
		Ad-Hoc|iPhone = Ad-Hoc|iPhone
		Ad-Hoc|iPhoneSimulator = Ad-Hoc|iPhoneSimulator
		Ad-Hoc|x64 = Ad-Hoc|x64
		Ad-Hoc|x86 = Ad-Hoc|x86
		AppStore|Any CPU = AppStore|Any CPU
		AppStore|ARM = AppStore|ARM
		AppStore|iPhone = AppStore|iPhone
		AppStore|iPhoneSimulator = AppStore|iPhoneSimulator
		AppStore|x64 = AppStore|x64
		AppStore|x86 = AppStore|x86
		Debug|Any CPU = Debug|Any CPU
		Debug|ARM = Debug|ARM
		Debug|iPhone = Debug|iPhone
		Debug|iPhoneSimulator = Debug|iPhoneSimulator
		Debug|x64 = Debug|x64
		Debug|x86 = Debug|x86
		Release|Any CPU = Release|Any CPU
		Release|ARM = Release|ARM
		Release|iPhone = Release|iPhone
		Release|iPhoneSimulator = Release|iPhoneSimulator
		Release|x64 = Release|x64
		Release|x86 = Release|x86
	EndGlobalSection
	GlobalSection(ProjectConfigurationPlatforms) = postSolution
		{A795DFFD-2EE8-423A-AA98-0EF7187BBA27}.Ad-Hoc|Any CPU.ActiveCfg = Release|Any CPU
		{A795DFFD-2EE8-423A-AA98-0EF7187BBA27}.Ad-Hoc|Any CPU.Build.0 = Release|Any CPU
		{A795DFFD-2EE8-423A-AA98-0EF7187BBA27}.Ad-Hoc|Any CPU.Deploy.0 = Release|Any CPU
		{A795DFFD-2EE8-423A-AA98-0EF7187BBA27}.Ad-Hoc|ARM.ActiveCfg = Release|Any CPU
		{A795DFFD-2EE8-423A-AA98-0EF7187BBA27}.Ad-Hoc|ARM.Build.0 = Release|Any CPU
		{A795DFFD-2EE8-423A-AA98-0EF7187BBA27}.Ad-Hoc|ARM.Deploy.0 = Release|Any CPU
		{A795DFFD-2EE8-423A-AA98-0EF7187BBA27}.Ad-Hoc|iPhone.ActiveCfg = Release|Any CPU
		{A795DFFD-2EE8-423A-AA98-0EF7187BBA27}.Ad-Hoc|iPhone.Build.0 = Release|Any CPU
		{A795DFFD-2EE8-423A-AA98-0EF7187BBA27}.Ad-Hoc|iPhone.Deploy.0 = Release|Any CPU
		{A795DFFD-2EE8-423A-AA98-0EF7187BBA27}.Ad-Hoc|iPhoneSimulator.ActiveCfg = Release|Any CPU
		{A795DFFD-2EE8-423A-AA98-0EF7187BBA27}.Ad-Hoc|iPhoneSimulator.Build.0 = Release|Any CPU
		{A795DFFD-2EE8-423A-AA98-0EF7187BBA27}.Ad-Hoc|iPhoneSimulator.Deploy.0 = Release|Any CPU
		{A795DFFD-2EE8-423A-AA98-0EF7187BBA27}.Ad-Hoc|x64.ActiveCfg = Release|Any CPU
		{A795DFFD-2EE8-423A-AA98-0EF7187BBA27}.Ad-Hoc|x64.Build.0 = Release|Any CPU
		{A795DFFD-2EE8-423A-AA98-0EF7187BBA27}.Ad-Hoc|x64.Deploy.0 = Release|Any CPU
		{A795DFFD-2EE8-423A-AA98-0EF7187BBA27}.Ad-Hoc|x86.ActiveCfg = Release|Any CPU
		{A795DFFD-2EE8-423A-AA98-0EF7187BBA27}.Ad-Hoc|x86.Build.0 = Release|Any CPU
		{A795DFFD-2EE8-423A-AA98-0EF7187BBA27}.Ad-Hoc|x86.Deploy.0 = Release|Any CPU
		{A795DFFD-2EE8-423A-AA98-0EF7187BBA27}.AppStore|Any CPU.ActiveCfg = Release|Any CPU
		{A795DFFD-2EE8-423A-AA98-0EF7187BBA27}.AppStore|Any CPU.Build.0 = Release|Any CPU
		{A795DFFD-2EE8-423A-AA98-0EF7187BBA27}.AppStore|Any CPU.Deploy.0 = Release|Any CPU
		{A795DFFD-2EE8-423A-AA98-0EF7187BBA27}.AppStore|ARM.ActiveCfg = Release|Any CPU
		{A795DFFD-2EE8-423A-AA98-0EF7187BBA27}.AppStore|ARM.Build.0 = Release|Any CPU
		{A795DFFD-2EE8-423A-AA98-0EF7187BBA27}.AppStore|ARM.Deploy.0 = Release|Any CPU
		{A795DFFD-2EE8-423A-AA98-0EF7187BBA27}.AppStore|iPhone.ActiveCfg = Release|Any CPU
		{A795DFFD-2EE8-423A-AA98-0EF7187BBA27}.AppStore|iPhone.Build.0 = Release|Any CPU
		{A795DFFD-2EE8-423A-AA98-0EF7187BBA27}.AppStore|iPhone.Deploy.0 = Release|Any CPU
		{A795DFFD-2EE8-423A-AA98-0EF7187BBA27}.AppStore|iPhoneSimulator.ActiveCfg = Release|Any CPU
		{A795DFFD-2EE8-423A-AA98-0EF7187BBA27}.AppStore|iPhoneSimulator.Build.0 = Release|Any CPU
		{A795DFFD-2EE8-423A-AA98-0EF7187BBA27}.AppStore|iPhoneSimulator.Deploy.0 = Release|Any CPU
		{A795DFFD-2EE8-423A-AA98-0EF7187BBA27}.AppStore|x64.ActiveCfg = Release|Any CPU
		{A795DFFD-2EE8-423A-AA98-0EF7187BBA27}.AppStore|x64.Build.0 = Release|Any CPU
		{A795DFFD-2EE8-423A-AA98-0EF7187BBA27}.AppStore|x64.Deploy.0 = Release|Any CPU
		{A795DFFD-2EE8-423A-AA98-0EF7187BBA27}.AppStore|x86.ActiveCfg = Release|Any CPU
		{A795DFFD-2EE8-423A-AA98-0EF7187BBA27}.AppStore|x86.Build.0 = Release|Any CPU
		{A795DFFD-2EE8-423A-AA98-0EF7187BBA27}.AppStore|x86.Deploy.0 = Release|Any CPU
		{A795DFFD-2EE8-423A-AA98-0EF7187BBA27}.Debug|Any CPU.ActiveCfg = Debug|Any CPU
		{A795DFFD-2EE8-423A-AA98-0EF7187BBA27}.Debug|Any CPU.Build.0 = Debug|Any CPU
		{A795DFFD-2EE8-423A-AA98-0EF7187BBA27}.Debug|Any CPU.Deploy.0 = Debug|Any CPU
		{A795DFFD-2EE8-423A-AA98-0EF7187BBA27}.Debug|ARM.ActiveCfg = Debug|Any CPU
		{A795DFFD-2EE8-423A-AA98-0EF7187BBA27}.Debug|ARM.Build.0 = Debug|Any CPU
		{A795DFFD-2EE8-423A-AA98-0EF7187BBA27}.Debug|ARM.Deploy.0 = Debug|Any CPU
		{A795DFFD-2EE8-423A-AA98-0EF7187BBA27}.Debug|iPhone.ActiveCfg = Debug|Any CPU
		{A795DFFD-2EE8-423A-AA98-0EF7187BBA27}.Debug|iPhone.Build.0 = Debug|Any CPU
		{A795DFFD-2EE8-423A-AA98-0EF7187BBA27}.Debug|iPhone.Deploy.0 = Debug|Any CPU
		{A795DFFD-2EE8-423A-AA98-0EF7187BBA27}.Debug|iPhoneSimulator.ActiveCfg = Debug|Any CPU
		{A795DFFD-2EE8-423A-AA98-0EF7187BBA27}.Debug|iPhoneSimulator.Build.0 = Debug|Any CPU
		{A795DFFD-2EE8-423A-AA98-0EF7187BBA27}.Debug|iPhoneSimulator.Deploy.0 = Debug|Any CPU
		{A795DFFD-2EE8-423A-AA98-0EF7187BBA27}.Debug|x64.ActiveCfg = Debug|Any CPU
		{A795DFFD-2EE8-423A-AA98-0EF7187BBA27}.Debug|x64.Build.0 = Debug|Any CPU
		{A795DFFD-2EE8-423A-AA98-0EF7187BBA27}.Debug|x64.Deploy.0 = Debug|Any CPU
		{A795DFFD-2EE8-423A-AA98-0EF7187BBA27}.Debug|x86.ActiveCfg = Debug|Any CPU
		{A795DFFD-2EE8-423A-AA98-0EF7187BBA27}.Debug|x86.Build.0 = Debug|Any CPU
		{A795DFFD-2EE8-423A-AA98-0EF7187BBA27}.Debug|x86.Deploy.0 = Debug|Any CPU
		{A795DFFD-2EE8-423A-AA98-0EF7187BBA27}.Release|Any CPU.ActiveCfg = Release|Any CPU
		{A795DFFD-2EE8-423A-AA98-0EF7187BBA27}.Release|Any CPU.Build.0 = Release|Any CPU
		{A795DFFD-2EE8-423A-AA98-0EF7187BBA27}.Release|Any CPU.Deploy.0 = Release|Any CPU
		{A795DFFD-2EE8-423A-AA98-0EF7187BBA27}.Release|ARM.ActiveCfg = Release|Any CPU
		{A795DFFD-2EE8-423A-AA98-0EF7187BBA27}.Release|ARM.Build.0 = Release|Any CPU
		{A795DFFD-2EE8-423A-AA98-0EF7187BBA27}.Release|ARM.Deploy.0 = Release|Any CPU
		{A795DFFD-2EE8-423A-AA98-0EF7187BBA27}.Release|iPhone.ActiveCfg = Release|Any CPU
		{A795DFFD-2EE8-423A-AA98-0EF7187BBA27}.Release|iPhone.Build.0 = Release|Any CPU
		{A795DFFD-2EE8-423A-AA98-0EF7187BBA27}.Release|iPhone.Deploy.0 = Release|Any CPU
		{A795DFFD-2EE8-423A-AA98-0EF7187BBA27}.Release|iPhoneSimulator.ActiveCfg = Release|Any CPU
		{A795DFFD-2EE8-423A-AA98-0EF7187BBA27}.Release|iPhoneSimulator.Build.0 = Release|Any CPU
		{A795DFFD-2EE8-423A-AA98-0EF7187BBA27}.Release|iPhoneSimulator.Deploy.0 = Release|Any CPU
		{A795DFFD-2EE8-423A-AA98-0EF7187BBA27}.Release|x64.ActiveCfg = Release|Any CPU
		{A795DFFD-2EE8-423A-AA98-0EF7187BBA27}.Release|x64.Build.0 = Release|Any CPU
		{A795DFFD-2EE8-423A-AA98-0EF7187BBA27}.Release|x64.Deploy.0 = Release|Any CPU
		{A795DFFD-2EE8-423A-AA98-0EF7187BBA27}.Release|x86.ActiveCfg = Release|Any CPU
		{A795DFFD-2EE8-423A-AA98-0EF7187BBA27}.Release|x86.Build.0 = Release|Any CPU
		{A795DFFD-2EE8-423A-AA98-0EF7187BBA27}.Release|x86.Deploy.0 = Release|Any CPU
		{9F3AD0DB-6D7F-48B4-8EF1-3A5B02F5CCE8}.Ad-Hoc|Any CPU.ActiveCfg = Ad-Hoc|iPhone
		{9F3AD0DB-6D7F-48B4-8EF1-3A5B02F5CCE8}.Ad-Hoc|ARM.ActiveCfg = Ad-Hoc|iPhone
		{9F3AD0DB-6D7F-48B4-8EF1-3A5B02F5CCE8}.Ad-Hoc|iPhone.ActiveCfg = Ad-Hoc|iPhone
		{9F3AD0DB-6D7F-48B4-8EF1-3A5B02F5CCE8}.Ad-Hoc|iPhone.Build.0 = Ad-Hoc|iPhone
		{9F3AD0DB-6D7F-48B4-8EF1-3A5B02F5CCE8}.Ad-Hoc|iPhoneSimulator.ActiveCfg = Ad-Hoc|iPhoneSimulator
		{9F3AD0DB-6D7F-48B4-8EF1-3A5B02F5CCE8}.Ad-Hoc|iPhoneSimulator.Build.0 = Ad-Hoc|iPhoneSimulator
		{9F3AD0DB-6D7F-48B4-8EF1-3A5B02F5CCE8}.Ad-Hoc|x64.ActiveCfg = Ad-Hoc|iPhone
		{9F3AD0DB-6D7F-48B4-8EF1-3A5B02F5CCE8}.Ad-Hoc|x86.ActiveCfg = Ad-Hoc|iPhone
		{9F3AD0DB-6D7F-48B4-8EF1-3A5B02F5CCE8}.AppStore|Any CPU.ActiveCfg = AppStore|iPhone
		{9F3AD0DB-6D7F-48B4-8EF1-3A5B02F5CCE8}.AppStore|ARM.ActiveCfg = AppStore|iPhone
		{9F3AD0DB-6D7F-48B4-8EF1-3A5B02F5CCE8}.AppStore|iPhone.ActiveCfg = AppStore|iPhone
		{9F3AD0DB-6D7F-48B4-8EF1-3A5B02F5CCE8}.AppStore|iPhone.Build.0 = AppStore|iPhone
		{9F3AD0DB-6D7F-48B4-8EF1-3A5B02F5CCE8}.AppStore|iPhoneSimulator.ActiveCfg = AppStore|iPhoneSimulator
		{9F3AD0DB-6D7F-48B4-8EF1-3A5B02F5CCE8}.AppStore|iPhoneSimulator.Build.0 = AppStore|iPhoneSimulator
		{9F3AD0DB-6D7F-48B4-8EF1-3A5B02F5CCE8}.AppStore|x64.ActiveCfg = AppStore|iPhone
		{9F3AD0DB-6D7F-48B4-8EF1-3A5B02F5CCE8}.AppStore|x86.ActiveCfg = AppStore|iPhone
		{9F3AD0DB-6D7F-48B4-8EF1-3A5B02F5CCE8}.Debug|Any CPU.ActiveCfg = Debug|iPhone
		{9F3AD0DB-6D7F-48B4-8EF1-3A5B02F5CCE8}.Debug|ARM.ActiveCfg = Debug|iPhone
		{9F3AD0DB-6D7F-48B4-8EF1-3A5B02F5CCE8}.Debug|iPhone.ActiveCfg = Debug|iPhone
		{9F3AD0DB-6D7F-48B4-8EF1-3A5B02F5CCE8}.Debug|iPhone.Build.0 = Debug|iPhone
		{9F3AD0DB-6D7F-48B4-8EF1-3A5B02F5CCE8}.Debug|iPhoneSimulator.ActiveCfg = Debug|iPhoneSimulator
		{9F3AD0DB-6D7F-48B4-8EF1-3A5B02F5CCE8}.Debug|iPhoneSimulator.Build.0 = Debug|iPhoneSimulator
		{9F3AD0DB-6D7F-48B4-8EF1-3A5B02F5CCE8}.Debug|x64.ActiveCfg = Debug|iPhone
		{9F3AD0DB-6D7F-48B4-8EF1-3A5B02F5CCE8}.Debug|x86.ActiveCfg = Debug|iPhone
		{9F3AD0DB-6D7F-48B4-8EF1-3A5B02F5CCE8}.Release|Any CPU.ActiveCfg = Release|iPhone
		{9F3AD0DB-6D7F-48B4-8EF1-3A5B02F5CCE8}.Release|ARM.ActiveCfg = Release|iPhone
		{9F3AD0DB-6D7F-48B4-8EF1-3A5B02F5CCE8}.Release|iPhone.ActiveCfg = Release|iPhone
		{9F3AD0DB-6D7F-48B4-8EF1-3A5B02F5CCE8}.Release|iPhone.Build.0 = Release|iPhone
		{9F3AD0DB-6D7F-48B4-8EF1-3A5B02F5CCE8}.Release|iPhoneSimulator.ActiveCfg = Release|iPhoneSimulator
		{9F3AD0DB-6D7F-48B4-8EF1-3A5B02F5CCE8}.Release|iPhoneSimulator.Build.0 = Release|iPhoneSimulator
		{9F3AD0DB-6D7F-48B4-8EF1-3A5B02F5CCE8}.Release|x64.ActiveCfg = Release|iPhone
		{9F3AD0DB-6D7F-48B4-8EF1-3A5B02F5CCE8}.Release|x86.ActiveCfg = Release|iPhone
		{67B6F5E3-969C-4BA6-989E-C21496960920}.Ad-Hoc|Any CPU.ActiveCfg = Release|Any CPU
		{67B6F5E3-969C-4BA6-989E-C21496960920}.Ad-Hoc|Any CPU.Build.0 = Release|Any CPU
		{67B6F5E3-969C-4BA6-989E-C21496960920}.Ad-Hoc|Any CPU.Deploy.0 = Release|Any CPU
		{67B6F5E3-969C-4BA6-989E-C21496960920}.Ad-Hoc|ARM.ActiveCfg = Release|ARM
		{67B6F5E3-969C-4BA6-989E-C21496960920}.Ad-Hoc|ARM.Build.0 = Release|ARM
		{67B6F5E3-969C-4BA6-989E-C21496960920}.Ad-Hoc|ARM.Deploy.0 = Release|ARM
		{67B6F5E3-969C-4BA6-989E-C21496960920}.Ad-Hoc|iPhone.ActiveCfg = Release|Any CPU
		{67B6F5E3-969C-4BA6-989E-C21496960920}.Ad-Hoc|iPhone.Build.0 = Release|Any CPU
		{67B6F5E3-969C-4BA6-989E-C21496960920}.Ad-Hoc|iPhone.Deploy.0 = Release|Any CPU
		{67B6F5E3-969C-4BA6-989E-C21496960920}.Ad-Hoc|iPhoneSimulator.ActiveCfg = Release|Any CPU
		{67B6F5E3-969C-4BA6-989E-C21496960920}.Ad-Hoc|iPhoneSimulator.Build.0 = Release|Any CPU
		{67B6F5E3-969C-4BA6-989E-C21496960920}.Ad-Hoc|iPhoneSimulator.Deploy.0 = Release|Any CPU
		{67B6F5E3-969C-4BA6-989E-C21496960920}.Ad-Hoc|x64.ActiveCfg = Release|Any CPU
		{67B6F5E3-969C-4BA6-989E-C21496960920}.Ad-Hoc|x64.Build.0 = Release|Any CPU
		{67B6F5E3-969C-4BA6-989E-C21496960920}.Ad-Hoc|x64.Deploy.0 = Release|Any CPU
		{67B6F5E3-969C-4BA6-989E-C21496960920}.Ad-Hoc|x86.ActiveCfg = Release|x86
		{67B6F5E3-969C-4BA6-989E-C21496960920}.Ad-Hoc|x86.Build.0 = Release|x86
		{67B6F5E3-969C-4BA6-989E-C21496960920}.Ad-Hoc|x86.Deploy.0 = Release|x86
		{67B6F5E3-969C-4BA6-989E-C21496960920}.AppStore|Any CPU.ActiveCfg = Release|Any CPU
		{67B6F5E3-969C-4BA6-989E-C21496960920}.AppStore|Any CPU.Build.0 = Release|Any CPU
		{67B6F5E3-969C-4BA6-989E-C21496960920}.AppStore|Any CPU.Deploy.0 = Release|Any CPU
		{67B6F5E3-969C-4BA6-989E-C21496960920}.AppStore|ARM.ActiveCfg = Release|ARM
		{67B6F5E3-969C-4BA6-989E-C21496960920}.AppStore|ARM.Build.0 = Release|ARM
		{67B6F5E3-969C-4BA6-989E-C21496960920}.AppStore|ARM.Deploy.0 = Release|ARM
		{67B6F5E3-969C-4BA6-989E-C21496960920}.AppStore|iPhone.ActiveCfg = Release|Any CPU
		{67B6F5E3-969C-4BA6-989E-C21496960920}.AppStore|iPhone.Build.0 = Release|Any CPU
		{67B6F5E3-969C-4BA6-989E-C21496960920}.AppStore|iPhone.Deploy.0 = Release|Any CPU
		{67B6F5E3-969C-4BA6-989E-C21496960920}.AppStore|iPhoneSimulator.ActiveCfg = Release|Any CPU
		{67B6F5E3-969C-4BA6-989E-C21496960920}.AppStore|iPhoneSimulator.Build.0 = Release|Any CPU
		{67B6F5E3-969C-4BA6-989E-C21496960920}.AppStore|iPhoneSimulator.Deploy.0 = Release|Any CPU
		{67B6F5E3-969C-4BA6-989E-C21496960920}.AppStore|x64.ActiveCfg = Release|Any CPU
		{67B6F5E3-969C-4BA6-989E-C21496960920}.AppStore|x64.Build.0 = Release|Any CPU
		{67B6F5E3-969C-4BA6-989E-C21496960920}.AppStore|x64.Deploy.0 = Release|Any CPU
		{67B6F5E3-969C-4BA6-989E-C21496960920}.AppStore|x86.ActiveCfg = Release|x86
		{67B6F5E3-969C-4BA6-989E-C21496960920}.AppStore|x86.Build.0 = Release|x86
		{67B6F5E3-969C-4BA6-989E-C21496960920}.AppStore|x86.Deploy.0 = Release|x86
		{67B6F5E3-969C-4BA6-989E-C21496960920}.Debug|Any CPU.ActiveCfg = Debug|Any CPU
		{67B6F5E3-969C-4BA6-989E-C21496960920}.Debug|Any CPU.Build.0 = Debug|Any CPU
		{67B6F5E3-969C-4BA6-989E-C21496960920}.Debug|Any CPU.Deploy.0 = Debug|Any CPU
		{67B6F5E3-969C-4BA6-989E-C21496960920}.Debug|ARM.ActiveCfg = Debug|ARM
		{67B6F5E3-969C-4BA6-989E-C21496960920}.Debug|ARM.Build.0 = Debug|ARM
		{67B6F5E3-969C-4BA6-989E-C21496960920}.Debug|ARM.Deploy.0 = Debug|ARM
		{67B6F5E3-969C-4BA6-989E-C21496960920}.Debug|iPhone.ActiveCfg = Debug|Any CPU
		{67B6F5E3-969C-4BA6-989E-C21496960920}.Debug|iPhone.Build.0 = Debug|Any CPU
		{67B6F5E3-969C-4BA6-989E-C21496960920}.Debug|iPhone.Deploy.0 = Debug|Any CPU
		{67B6F5E3-969C-4BA6-989E-C21496960920}.Debug|iPhoneSimulator.ActiveCfg = Debug|Any CPU
		{67B6F5E3-969C-4BA6-989E-C21496960920}.Debug|iPhoneSimulator.Build.0 = Debug|Any CPU
		{67B6F5E3-969C-4BA6-989E-C21496960920}.Debug|iPhoneSimulator.Deploy.0 = Debug|Any CPU
		{67B6F5E3-969C-4BA6-989E-C21496960920}.Debug|x64.ActiveCfg = Debug|Any CPU
		{67B6F5E3-969C-4BA6-989E-C21496960920}.Debug|x64.Build.0 = Debug|Any CPU
		{67B6F5E3-969C-4BA6-989E-C21496960920}.Debug|x64.Deploy.0 = Debug|Any CPU
		{67B6F5E3-969C-4BA6-989E-C21496960920}.Debug|x86.ActiveCfg = Debug|x86
		{67B6F5E3-969C-4BA6-989E-C21496960920}.Debug|x86.Build.0 = Debug|x86
		{67B6F5E3-969C-4BA6-989E-C21496960920}.Debug|x86.Deploy.0 = Debug|x86
		{67B6F5E3-969C-4BA6-989E-C21496960920}.Release|Any CPU.ActiveCfg = Release|Any CPU
		{67B6F5E3-969C-4BA6-989E-C21496960920}.Release|Any CPU.Build.0 = Release|Any CPU
		{67B6F5E3-969C-4BA6-989E-C21496960920}.Release|Any CPU.Deploy.0 = Release|Any CPU
		{67B6F5E3-969C-4BA6-989E-C21496960920}.Release|ARM.ActiveCfg = Release|ARM
		{67B6F5E3-969C-4BA6-989E-C21496960920}.Release|ARM.Build.0 = Release|ARM
		{67B6F5E3-969C-4BA6-989E-C21496960920}.Release|ARM.Deploy.0 = Release|ARM
		{67B6F5E3-969C-4BA6-989E-C21496960920}.Release|iPhone.ActiveCfg = Release|Any CPU
		{67B6F5E3-969C-4BA6-989E-C21496960920}.Release|iPhone.Build.0 = Release|Any CPU
		{67B6F5E3-969C-4BA6-989E-C21496960920}.Release|iPhone.Deploy.0 = Release|Any CPU
		{67B6F5E3-969C-4BA6-989E-C21496960920}.Release|iPhoneSimulator.ActiveCfg = Release|Any CPU
		{67B6F5E3-969C-4BA6-989E-C21496960920}.Release|iPhoneSimulator.Build.0 = Release|Any CPU
		{67B6F5E3-969C-4BA6-989E-C21496960920}.Release|iPhoneSimulator.Deploy.0 = Release|Any CPU
		{67B6F5E3-969C-4BA6-989E-C21496960920}.Release|x64.ActiveCfg = Release|Any CPU
		{67B6F5E3-969C-4BA6-989E-C21496960920}.Release|x64.Build.0 = Release|Any CPU
		{67B6F5E3-969C-4BA6-989E-C21496960920}.Release|x64.Deploy.0 = Release|Any CPU
		{67B6F5E3-969C-4BA6-989E-C21496960920}.Release|x86.ActiveCfg = Release|x86
		{67B6F5E3-969C-4BA6-989E-C21496960920}.Release|x86.Build.0 = Release|x86
		{67B6F5E3-969C-4BA6-989E-C21496960920}.Release|x86.Deploy.0 = Release|x86
		{D3BF54DB-DFB5-4E18-AC43-18EC98D2BE74}.Ad-Hoc|Any CPU.ActiveCfg = Release|Any CPU
		{D3BF54DB-DFB5-4E18-AC43-18EC98D2BE74}.Ad-Hoc|Any CPU.Build.0 = Release|Any CPU
		{D3BF54DB-DFB5-4E18-AC43-18EC98D2BE74}.Ad-Hoc|Any CPU.Deploy.0 = Release|Any CPU
		{D3BF54DB-DFB5-4E18-AC43-18EC98D2BE74}.Ad-Hoc|ARM.ActiveCfg = Release|ARM
		{D3BF54DB-DFB5-4E18-AC43-18EC98D2BE74}.Ad-Hoc|ARM.Build.0 = Release|ARM
		{D3BF54DB-DFB5-4E18-AC43-18EC98D2BE74}.Ad-Hoc|ARM.Deploy.0 = Release|ARM
		{D3BF54DB-DFB5-4E18-AC43-18EC98D2BE74}.Ad-Hoc|iPhone.ActiveCfg = Release|Any CPU
		{D3BF54DB-DFB5-4E18-AC43-18EC98D2BE74}.Ad-Hoc|iPhone.Build.0 = Release|Any CPU
		{D3BF54DB-DFB5-4E18-AC43-18EC98D2BE74}.Ad-Hoc|iPhone.Deploy.0 = Release|Any CPU
		{D3BF54DB-DFB5-4E18-AC43-18EC98D2BE74}.Ad-Hoc|iPhoneSimulator.ActiveCfg = Release|Any CPU
		{D3BF54DB-DFB5-4E18-AC43-18EC98D2BE74}.Ad-Hoc|iPhoneSimulator.Build.0 = Release|Any CPU
		{D3BF54DB-DFB5-4E18-AC43-18EC98D2BE74}.Ad-Hoc|iPhoneSimulator.Deploy.0 = Release|Any CPU
		{D3BF54DB-DFB5-4E18-AC43-18EC98D2BE74}.Ad-Hoc|x64.ActiveCfg = Release|x64
		{D3BF54DB-DFB5-4E18-AC43-18EC98D2BE74}.Ad-Hoc|x64.Build.0 = Release|x64
		{D3BF54DB-DFB5-4E18-AC43-18EC98D2BE74}.Ad-Hoc|x64.Deploy.0 = Release|x64
		{D3BF54DB-DFB5-4E18-AC43-18EC98D2BE74}.Ad-Hoc|x86.ActiveCfg = Release|x86
		{D3BF54DB-DFB5-4E18-AC43-18EC98D2BE74}.Ad-Hoc|x86.Build.0 = Release|x86
		{D3BF54DB-DFB5-4E18-AC43-18EC98D2BE74}.Ad-Hoc|x86.Deploy.0 = Release|x86
		{D3BF54DB-DFB5-4E18-AC43-18EC98D2BE74}.AppStore|Any CPU.ActiveCfg = Release|Any CPU
		{D3BF54DB-DFB5-4E18-AC43-18EC98D2BE74}.AppStore|Any CPU.Build.0 = Release|Any CPU
		{D3BF54DB-DFB5-4E18-AC43-18EC98D2BE74}.AppStore|Any CPU.Deploy.0 = Release|Any CPU
		{D3BF54DB-DFB5-4E18-AC43-18EC98D2BE74}.AppStore|ARM.ActiveCfg = Release|ARM
		{D3BF54DB-DFB5-4E18-AC43-18EC98D2BE74}.AppStore|ARM.Build.0 = Release|ARM
		{D3BF54DB-DFB5-4E18-AC43-18EC98D2BE74}.AppStore|ARM.Deploy.0 = Release|ARM
		{D3BF54DB-DFB5-4E18-AC43-18EC98D2BE74}.AppStore|iPhone.ActiveCfg = Release|Any CPU
		{D3BF54DB-DFB5-4E18-AC43-18EC98D2BE74}.AppStore|iPhone.Build.0 = Release|Any CPU
		{D3BF54DB-DFB5-4E18-AC43-18EC98D2BE74}.AppStore|iPhone.Deploy.0 = Release|Any CPU
		{D3BF54DB-DFB5-4E18-AC43-18EC98D2BE74}.AppStore|iPhoneSimulator.ActiveCfg = Release|Any CPU
		{D3BF54DB-DFB5-4E18-AC43-18EC98D2BE74}.AppStore|iPhoneSimulator.Build.0 = Release|Any CPU
		{D3BF54DB-DFB5-4E18-AC43-18EC98D2BE74}.AppStore|iPhoneSimulator.Deploy.0 = Release|Any CPU
		{D3BF54DB-DFB5-4E18-AC43-18EC98D2BE74}.AppStore|x64.ActiveCfg = Release|x64
		{D3BF54DB-DFB5-4E18-AC43-18EC98D2BE74}.AppStore|x64.Build.0 = Release|x64
		{D3BF54DB-DFB5-4E18-AC43-18EC98D2BE74}.AppStore|x64.Deploy.0 = Release|x64
		{D3BF54DB-DFB5-4E18-AC43-18EC98D2BE74}.AppStore|x86.ActiveCfg = Release|x86
		{D3BF54DB-DFB5-4E18-AC43-18EC98D2BE74}.AppStore|x86.Build.0 = Release|x86
		{D3BF54DB-DFB5-4E18-AC43-18EC98D2BE74}.AppStore|x86.Deploy.0 = Release|x86
		{D3BF54DB-DFB5-4E18-AC43-18EC98D2BE74}.Debug|Any CPU.ActiveCfg = Debug|Any CPU
		{D3BF54DB-DFB5-4E18-AC43-18EC98D2BE74}.Debug|Any CPU.Build.0 = Debug|Any CPU
		{D3BF54DB-DFB5-4E18-AC43-18EC98D2BE74}.Debug|Any CPU.Deploy.0 = Debug|Any CPU
		{D3BF54DB-DFB5-4E18-AC43-18EC98D2BE74}.Debug|ARM.ActiveCfg = Debug|ARM
		{D3BF54DB-DFB5-4E18-AC43-18EC98D2BE74}.Debug|ARM.Build.0 = Debug|ARM
		{D3BF54DB-DFB5-4E18-AC43-18EC98D2BE74}.Debug|ARM.Deploy.0 = Debug|ARM
		{D3BF54DB-DFB5-4E18-AC43-18EC98D2BE74}.Debug|iPhone.ActiveCfg = Debug|Any CPU
		{D3BF54DB-DFB5-4E18-AC43-18EC98D2BE74}.Debug|iPhone.Build.0 = Debug|Any CPU
		{D3BF54DB-DFB5-4E18-AC43-18EC98D2BE74}.Debug|iPhone.Deploy.0 = Debug|Any CPU
		{D3BF54DB-DFB5-4E18-AC43-18EC98D2BE74}.Debug|iPhoneSimulator.ActiveCfg = Debug|Any CPU
		{D3BF54DB-DFB5-4E18-AC43-18EC98D2BE74}.Debug|iPhoneSimulator.Build.0 = Debug|Any CPU
		{D3BF54DB-DFB5-4E18-AC43-18EC98D2BE74}.Debug|iPhoneSimulator.Deploy.0 = Debug|Any CPU
		{D3BF54DB-DFB5-4E18-AC43-18EC98D2BE74}.Debug|x64.ActiveCfg = Debug|x64
		{D3BF54DB-DFB5-4E18-AC43-18EC98D2BE74}.Debug|x64.Build.0 = Debug|x64
		{D3BF54DB-DFB5-4E18-AC43-18EC98D2BE74}.Debug|x64.Deploy.0 = Debug|x64
		{D3BF54DB-DFB5-4E18-AC43-18EC98D2BE74}.Debug|x86.ActiveCfg = Debug|x86
		{D3BF54DB-DFB5-4E18-AC43-18EC98D2BE74}.Debug|x86.Build.0 = Debug|x86
		{D3BF54DB-DFB5-4E18-AC43-18EC98D2BE74}.Debug|x86.Deploy.0 = Debug|x86
		{D3BF54DB-DFB5-4E18-AC43-18EC98D2BE74}.Release|Any CPU.ActiveCfg = Release|Any CPU
		{D3BF54DB-DFB5-4E18-AC43-18EC98D2BE74}.Release|Any CPU.Build.0 = Release|Any CPU
		{D3BF54DB-DFB5-4E18-AC43-18EC98D2BE74}.Release|Any CPU.Deploy.0 = Release|Any CPU
		{D3BF54DB-DFB5-4E18-AC43-18EC98D2BE74}.Release|ARM.ActiveCfg = Release|ARM
		{D3BF54DB-DFB5-4E18-AC43-18EC98D2BE74}.Release|ARM.Build.0 = Release|ARM
		{D3BF54DB-DFB5-4E18-AC43-18EC98D2BE74}.Release|ARM.Deploy.0 = Release|ARM
		{D3BF54DB-DFB5-4E18-AC43-18EC98D2BE74}.Release|iPhone.ActiveCfg = Release|Any CPU
		{D3BF54DB-DFB5-4E18-AC43-18EC98D2BE74}.Release|iPhone.Build.0 = Release|Any CPU
		{D3BF54DB-DFB5-4E18-AC43-18EC98D2BE74}.Release|iPhone.Deploy.0 = Release|Any CPU
		{D3BF54DB-DFB5-4E18-AC43-18EC98D2BE74}.Release|iPhoneSimulator.ActiveCfg = Release|Any CPU
		{D3BF54DB-DFB5-4E18-AC43-18EC98D2BE74}.Release|iPhoneSimulator.Build.0 = Release|Any CPU
		{D3BF54DB-DFB5-4E18-AC43-18EC98D2BE74}.Release|iPhoneSimulator.Deploy.0 = Release|Any CPU
		{D3BF54DB-DFB5-4E18-AC43-18EC98D2BE74}.Release|x64.ActiveCfg = Release|x64
		{D3BF54DB-DFB5-4E18-AC43-18EC98D2BE74}.Release|x64.Build.0 = Release|x64
		{D3BF54DB-DFB5-4E18-AC43-18EC98D2BE74}.Release|x64.Deploy.0 = Release|x64
		{D3BF54DB-DFB5-4E18-AC43-18EC98D2BE74}.Release|x86.ActiveCfg = Release|x86
		{D3BF54DB-DFB5-4E18-AC43-18EC98D2BE74}.Release|x86.Build.0 = Release|x86
		{D3BF54DB-DFB5-4E18-AC43-18EC98D2BE74}.Release|x86.Deploy.0 = Release|x86
		{831D30B7-F668-4700-8BD2-B6FE83D45C98}.Ad-Hoc|Any CPU.ActiveCfg = Release|Any CPU
		{831D30B7-F668-4700-8BD2-B6FE83D45C98}.Ad-Hoc|Any CPU.Build.0 = Release|Any CPU
		{831D30B7-F668-4700-8BD2-B6FE83D45C98}.Ad-Hoc|ARM.ActiveCfg = Release|Any CPU
		{831D30B7-F668-4700-8BD2-B6FE83D45C98}.Ad-Hoc|ARM.Build.0 = Release|Any CPU
		{831D30B7-F668-4700-8BD2-B6FE83D45C98}.Ad-Hoc|iPhone.ActiveCfg = Release|Any CPU
		{831D30B7-F668-4700-8BD2-B6FE83D45C98}.Ad-Hoc|iPhone.Build.0 = Release|Any CPU
		{831D30B7-F668-4700-8BD2-B6FE83D45C98}.Ad-Hoc|iPhoneSimulator.ActiveCfg = Release|Any CPU
		{831D30B7-F668-4700-8BD2-B6FE83D45C98}.Ad-Hoc|iPhoneSimulator.Build.0 = Release|Any CPU
		{831D30B7-F668-4700-8BD2-B6FE83D45C98}.Ad-Hoc|x64.ActiveCfg = Release|Any CPU
		{831D30B7-F668-4700-8BD2-B6FE83D45C98}.Ad-Hoc|x64.Build.0 = Release|Any CPU
		{831D30B7-F668-4700-8BD2-B6FE83D45C98}.Ad-Hoc|x86.ActiveCfg = Release|Any CPU
		{831D30B7-F668-4700-8BD2-B6FE83D45C98}.Ad-Hoc|x86.Build.0 = Release|Any CPU
		{831D30B7-F668-4700-8BD2-B6FE83D45C98}.AppStore|Any CPU.ActiveCfg = Release|Any CPU
		{831D30B7-F668-4700-8BD2-B6FE83D45C98}.AppStore|Any CPU.Build.0 = Release|Any CPU
		{831D30B7-F668-4700-8BD2-B6FE83D45C98}.AppStore|ARM.ActiveCfg = Release|Any CPU
		{831D30B7-F668-4700-8BD2-B6FE83D45C98}.AppStore|ARM.Build.0 = Release|Any CPU
		{831D30B7-F668-4700-8BD2-B6FE83D45C98}.AppStore|iPhone.ActiveCfg = Release|Any CPU
		{831D30B7-F668-4700-8BD2-B6FE83D45C98}.AppStore|iPhone.Build.0 = Release|Any CPU
		{831D30B7-F668-4700-8BD2-B6FE83D45C98}.AppStore|iPhoneSimulator.ActiveCfg = Release|Any CPU
		{831D30B7-F668-4700-8BD2-B6FE83D45C98}.AppStore|iPhoneSimulator.Build.0 = Release|Any CPU
		{831D30B7-F668-4700-8BD2-B6FE83D45C98}.AppStore|x64.ActiveCfg = Release|Any CPU
		{831D30B7-F668-4700-8BD2-B6FE83D45C98}.AppStore|x64.Build.0 = Release|Any CPU
		{831D30B7-F668-4700-8BD2-B6FE83D45C98}.AppStore|x86.ActiveCfg = Release|Any CPU
		{831D30B7-F668-4700-8BD2-B6FE83D45C98}.AppStore|x86.Build.0 = Release|Any CPU
		{831D30B7-F668-4700-8BD2-B6FE83D45C98}.Debug|Any CPU.ActiveCfg = Debug|Any CPU
		{831D30B7-F668-4700-8BD2-B6FE83D45C98}.Debug|Any CPU.Build.0 = Debug|Any CPU
		{831D30B7-F668-4700-8BD2-B6FE83D45C98}.Debug|ARM.ActiveCfg = Debug|Any CPU
		{831D30B7-F668-4700-8BD2-B6FE83D45C98}.Debug|ARM.Build.0 = Debug|Any CPU
		{831D30B7-F668-4700-8BD2-B6FE83D45C98}.Debug|iPhone.ActiveCfg = Debug|Any CPU
		{831D30B7-F668-4700-8BD2-B6FE83D45C98}.Debug|iPhone.Build.0 = Debug|Any CPU
		{831D30B7-F668-4700-8BD2-B6FE83D45C98}.Debug|iPhoneSimulator.ActiveCfg = Debug|Any CPU
		{831D30B7-F668-4700-8BD2-B6FE83D45C98}.Debug|iPhoneSimulator.Build.0 = Debug|Any CPU
		{831D30B7-F668-4700-8BD2-B6FE83D45C98}.Debug|x64.ActiveCfg = Debug|Any CPU
		{831D30B7-F668-4700-8BD2-B6FE83D45C98}.Debug|x64.Build.0 = Debug|Any CPU
		{831D30B7-F668-4700-8BD2-B6FE83D45C98}.Debug|x86.ActiveCfg = Debug|Any CPU
		{831D30B7-F668-4700-8BD2-B6FE83D45C98}.Debug|x86.Build.0 = Debug|Any CPU
		{831D30B7-F668-4700-8BD2-B6FE83D45C98}.Release|Any CPU.ActiveCfg = Release|Any CPU
		{831D30B7-F668-4700-8BD2-B6FE83D45C98}.Release|Any CPU.Build.0 = Release|Any CPU
		{831D30B7-F668-4700-8BD2-B6FE83D45C98}.Release|ARM.ActiveCfg = Release|Any CPU
		{831D30B7-F668-4700-8BD2-B6FE83D45C98}.Release|ARM.Build.0 = Release|Any CPU
		{831D30B7-F668-4700-8BD2-B6FE83D45C98}.Release|iPhone.ActiveCfg = Release|Any CPU
		{831D30B7-F668-4700-8BD2-B6FE83D45C98}.Release|iPhone.Build.0 = Release|Any CPU
		{831D30B7-F668-4700-8BD2-B6FE83D45C98}.Release|iPhoneSimulator.ActiveCfg = Release|Any CPU
		{831D30B7-F668-4700-8BD2-B6FE83D45C98}.Release|iPhoneSimulator.Build.0 = Release|Any CPU
		{831D30B7-F668-4700-8BD2-B6FE83D45C98}.Release|x64.ActiveCfg = Release|Any CPU
		{831D30B7-F668-4700-8BD2-B6FE83D45C98}.Release|x64.Build.0 = Release|Any CPU
		{831D30B7-F668-4700-8BD2-B6FE83D45C98}.Release|x86.ActiveCfg = Release|Any CPU
		{831D30B7-F668-4700-8BD2-B6FE83D45C98}.Release|x86.Build.0 = Release|Any CPU
	EndGlobalSection
	GlobalSection(SolutionProperties) = preSolution
		HideSolutionNode = FALSE
	EndGlobalSection
	GlobalSection(TeamFoundationVersionControl) = preSolution
		SccNumberOfProjects = 6
		SccEnterpriseProvider = {4CA58AB2-18FA-4F8D-95D4-32DDF27D184C}
		SccTeamFoundationServer = https://almlatam.visualstudio.com/defaultcollection
		SccLocalPath0 = .
		SccProjectUniqueName1 = Gudvis_F\\Gudvis_F.Droid\\Gudvis_F.Droid.csproj
		SccProjectName1 = Gudvis_F/Gudvis_F.Droid
		SccLocalPath1 = Gudvis_F\\Gudvis_F.Droid
		SccProjectUniqueName2 = Gudvis_F\\Gudvis_F.iOS\\Gudvis_F.iOS.csproj
		SccProjectName2 = Gudvis_F/Gudvis_F.iOS
		SccLocalPath2 = Gudvis_F\\Gudvis_F.iOS
		SccProjectUniqueName3 = Gudvis_F\\Gudvis_F.Windows\\Gudvis_F.Windows.csproj
		SccProjectName3 = Gudvis_F/Gudvis_F.Windows
		SccLocalPath3 = Gudvis_F\\Gudvis_F.Windows
		SccProjectUniqueName4 = Gudvis_F\\Gudvis_F.WinPhone\\Gudvis_F.WinPhone.csproj
		SccProjectName4 = Gudvis_F/Gudvis_F.WinPhone
		SccLocalPath4 = Gudvis_F\\Gudvis_F.WinPhone
		SccProjectUniqueName5 = Gudvis_F\\Gudvis_F\\Gudvis_F.csproj
		SccProjectName5 = Gudvis_F/Gudvis_F
		SccLocalPath5 = Gudvis_F\\Gudvis_F
	EndGlobalSection
EndGlobal
