
Microsoft Visual Studio Solution File, Format Version 12.00
# Visual Studio 14
VisualStudioVersion = 14.0.24720.0
MinimumVisualStudioVersion = 10.0.40219.1
Project("{FAE04EC0-301F-11D3-BF4B-00C04F79EFBC}") = "Gudvis_final.Droid", "Gudvis_final\Gudvis_final.Droid\Gudvis_final.Droid.csproj", "{AB2BA6A7-A060-48AF-9743-074F3921EF2E}"
EndProject
Project("{FAE04EC0-301F-11D3-BF4B-00C04F79EFBC}") = "Gudvis_final.iOS", "Gudvis_final\Gudvis_final.iOS\Gudvis_final.iOS.csproj", "{F694BAC4-F46A-4A2B-83FF-4ED5FEA23A11}"
EndProject
Project("{FAE04EC0-301F-11D3-BF4B-00C04F79EFBC}") = "Gudvis_final.WinPhone", "Gudvis_final\Gudvis_final.WinPhone\Gudvis_final.WinPhone.csproj", "{2064106F-3B36-4D41-8C62-B104A510A7DC}"
EndProject
Project("{FAE04EC0-301F-11D3-BF4B-00C04F79EFBC}") = "Gudvis_final.Windows", "Gudvis_final\Gudvis_final.Windows\Gudvis_final.Windows.csproj", "{D233A90A-0CEB-41D4-BE91-BA2B8FAFE69A}"
EndProject
Project("{FAE04EC0-301F-11D3-BF4B-00C04F79EFBC}") = "Gudvis_final", "Gudvis_final\Gudvis_final\Gudvis_final.csproj", "{0F3FD51E-ED6D-4310-B969-A1A28916D109}"
EndProject
Project("{D954291E-2A0B-460D-934E-DC6B0785DB48}") = "Cards", "..\..\..\..\Xamarin-Forms-InAnger\Xamarin-Forms-InAnger\src\cards\Cards\Cards.shproj", "{FDCA3D2C-3528-45F8-9CFB-4D6531896755}"
EndProject
Global
	GlobalSection(SharedMSBuildProjectFiles) = preSolution
		..\..\..\..\Xamarin-Forms-InAnger\Xamarin-Forms-InAnger\src\cards\Cards\Cards.projitems*{fdca3d2c-3528-45f8-9cfb-4d6531896755}*SharedItemsImports = 13
		..\..\..\..\Xamarin-Forms-InAnger\Xamarin-Forms-InAnger\src\cards\Cards\Cards.projitems*{0f3fd51e-ed6d-4310-b969-a1a28916d109}*SharedItemsImports = 4
	EndGlobalSection
	GlobalSection(SolutionConfigurationPlatforms) = preSolution
		Ad-Hoc|Any CPU = Ad-Hoc|Any CPU
		Ad-Hoc|ARM = Ad-Hoc|ARM
		Ad-Hoc|iPhone = Ad-Hoc|iPhone
		Ad-Hoc|iPhoneSimulator = Ad-Hoc|iPhoneSimulator
		Ad-Hoc|x64 = Ad-Hoc|x64
		Ad-Hoc|x86 = Ad-Hoc|x86
		AppStore|Any CPU = AppStore|Any CPU
		AppStore|ARM = AppStore|ARM
		AppStore|iPhone = AppStore|iPhone
		AppStore|iPhoneSimulator = AppStore|iPhoneSimulator
		AppStore|x64 = AppStore|x64
		AppStore|x86 = AppStore|x86
		Debug|Any CPU = Debug|Any CPU
		Debug|ARM = Debug|ARM
		Debug|iPhone = Debug|iPhone
		Debug|iPhoneSimulator = Debug|iPhoneSimulator
		Debug|x64 = Debug|x64
		Debug|x86 = Debug|x86
		Release|Any CPU = Release|Any CPU
		Release|ARM = Release|ARM
		Release|iPhone = Release|iPhone
		Release|iPhoneSimulator = Release|iPhoneSimulator
		Release|x64 = Release|x64
		Release|x86 = Release|x86
	EndGlobalSection
	GlobalSection(ProjectConfigurationPlatforms) = postSolution
		{AB2BA6A7-A060-48AF-9743-074F3921EF2E}.Ad-Hoc|Any CPU.ActiveCfg = Release|Any CPU
		{AB2BA6A7-A060-48AF-9743-074F3921EF2E}.Ad-Hoc|Any CPU.Build.0 = Release|Any CPU
		{AB2BA6A7-A060-48AF-9743-074F3921EF2E}.Ad-Hoc|Any CPU.Deploy.0 = Release|Any CPU
		{AB2BA6A7-A060-48AF-9743-074F3921EF2E}.Ad-Hoc|ARM.ActiveCfg = Release|Any CPU
		{AB2BA6A7-A060-48AF-9743-074F3921EF2E}.Ad-Hoc|ARM.Build.0 = Release|Any CPU
		{AB2BA6A7-A060-48AF-9743-074F3921EF2E}.Ad-Hoc|ARM.Deploy.0 = Release|Any CPU
		{AB2BA6A7-A060-48AF-9743-074F3921EF2E}.Ad-Hoc|iPhone.ActiveCfg = Release|Any CPU
		{AB2BA6A7-A060-48AF-9743-074F3921EF2E}.Ad-Hoc|iPhone.Build.0 = Release|Any CPU
		{AB2BA6A7-A060-48AF-9743-074F3921EF2E}.Ad-Hoc|iPhone.Deploy.0 = Release|Any CPU
		{AB2BA6A7-A060-48AF-9743-074F3921EF2E}.Ad-Hoc|iPhoneSimulator.ActiveCfg = Release|Any CPU
		{AB2BA6A7-A060-48AF-9743-074F3921EF2E}.Ad-Hoc|iPhoneSimulator.Build.0 = Release|Any CPU
		{AB2BA6A7-A060-48AF-9743-074F3921EF2E}.Ad-Hoc|iPhoneSimulator.Deploy.0 = Release|Any CPU
		{AB2BA6A7-A060-48AF-9743-074F3921EF2E}.Ad-Hoc|x64.ActiveCfg = Release|Any CPU
		{AB2BA6A7-A060-48AF-9743-074F3921EF2E}.Ad-Hoc|x64.Build.0 = Release|Any CPU
		{AB2BA6A7-A060-48AF-9743-074F3921EF2E}.Ad-Hoc|x64.Deploy.0 = Release|Any CPU
		{AB2BA6A7-A060-48AF-9743-074F3921EF2E}.Ad-Hoc|x86.ActiveCfg = Release|Any CPU
		{AB2BA6A7-A060-48AF-9743-074F3921EF2E}.Ad-Hoc|x86.Build.0 = Release|Any CPU
		{AB2BA6A7-A060-48AF-9743-074F3921EF2E}.Ad-Hoc|x86.Deploy.0 = Release|Any CPU
		{AB2BA6A7-A060-48AF-9743-074F3921EF2E}.AppStore|Any CPU.ActiveCfg = Release|Any CPU
		{AB2BA6A7-A060-48AF-9743-074F3921EF2E}.AppStore|Any CPU.Build.0 = Release|Any CPU
		{AB2BA6A7-A060-48AF-9743-074F3921EF2E}.AppStore|Any CPU.Deploy.0 = Release|Any CPU
		{AB2BA6A7-A060-48AF-9743-074F3921EF2E}.AppStore|ARM.ActiveCfg = Release|Any CPU
		{AB2BA6A7-A060-48AF-9743-074F3921EF2E}.AppStore|ARM.Build.0 = Release|Any CPU
		{AB2BA6A7-A060-48AF-9743-074F3921EF2E}.AppStore|ARM.Deploy.0 = Release|Any CPU
		{AB2BA6A7-A060-48AF-9743-074F3921EF2E}.AppStore|iPhone.ActiveCfg = Release|Any CPU
		{AB2BA6A7-A060-48AF-9743-074F3921EF2E}.AppStore|iPhone.Build.0 = Release|Any CPU
		{AB2BA6A7-A060-48AF-9743-074F3921EF2E}.AppStore|iPhone.Deploy.0 = Release|Any CPU
		{AB2BA6A7-A060-48AF-9743-074F3921EF2E}.AppStore|iPhoneSimulator.ActiveCfg = Release|Any CPU
		{AB2BA6A7-A060-48AF-9743-074F3921EF2E}.AppStore|iPhoneSimulator.Build.0 = Release|Any CPU
		{AB2BA6A7-A060-48AF-9743-074F3921EF2E}.AppStore|iPhoneSimulator.Deploy.0 = Release|Any CPU
		{AB2BA6A7-A060-48AF-9743-074F3921EF2E}.AppStore|x64.ActiveCfg = Release|Any CPU
		{AB2BA6A7-A060-48AF-9743-074F3921EF2E}.AppStore|x64.Build.0 = Release|Any CPU
		{AB2BA6A7-A060-48AF-9743-074F3921EF2E}.AppStore|x64.Deploy.0 = Release|Any CPU
		{AB2BA6A7-A060-48AF-9743-074F3921EF2E}.AppStore|x86.ActiveCfg = Release|Any CPU
		{AB2BA6A7-A060-48AF-9743-074F3921EF2E}.AppStore|x86.Build.0 = Release|Any CPU
		{AB2BA6A7-A060-48AF-9743-074F3921EF2E}.AppStore|x86.Deploy.0 = Release|Any CPU
		{AB2BA6A7-A060-48AF-9743-074F3921EF2E}.Debug|Any CPU.ActiveCfg = Debug|Any CPU
		{AB2BA6A7-A060-48AF-9743-074F3921EF2E}.Debug|Any CPU.Build.0 = Debug|Any CPU
		{AB2BA6A7-A060-48AF-9743-074F3921EF2E}.Debug|Any CPU.Deploy.0 = Debug|Any CPU
		{AB2BA6A7-A060-48AF-9743-074F3921EF2E}.Debug|ARM.ActiveCfg = Debug|Any CPU
		{AB2BA6A7-A060-48AF-9743-074F3921EF2E}.Debug|ARM.Build.0 = Debug|Any CPU
		{AB2BA6A7-A060-48AF-9743-074F3921EF2E}.Debug|ARM.Deploy.0 = Debug|Any CPU
		{AB2BA6A7-A060-48AF-9743-074F3921EF2E}.Debug|iPhone.ActiveCfg = Debug|Any CPU
		{AB2BA6A7-A060-48AF-9743-074F3921EF2E}.Debug|iPhone.Build.0 = Debug|Any CPU
		{AB2BA6A7-A060-48AF-9743-074F3921EF2E}.Debug|iPhone.Deploy.0 = Debug|Any CPU
		{AB2BA6A7-A060-48AF-9743-074F3921EF2E}.Debug|iPhoneSimulator.ActiveCfg = Debug|Any CPU
		{AB2BA6A7-A060-48AF-9743-074F3921EF2E}.Debug|iPhoneSimulator.Build.0 = Debug|Any CPU
		{AB2BA6A7-A060-48AF-9743-074F3921EF2E}.Debug|iPhoneSimulator.Deploy.0 = Debug|Any CPU
		{AB2BA6A7-A060-48AF-9743-074F3921EF2E}.Debug|x64.ActiveCfg = Debug|Any CPU
		{AB2BA6A7-A060-48AF-9743-074F3921EF2E}.Debug|x64.Build.0 = Debug|Any CPU
		{AB2BA6A7-A060-48AF-9743-074F3921EF2E}.Debug|x64.Deploy.0 = Debug|Any CPU
		{AB2BA6A7-A060-48AF-9743-074F3921EF2E}.Debug|x86.ActiveCfg = Debug|Any CPU
		{AB2BA6A7-A060-48AF-9743-074F3921EF2E}.Debug|x86.Build.0 = Debug|Any CPU
		{AB2BA6A7-A060-48AF-9743-074F3921EF2E}.Debug|x86.Deploy.0 = Debug|Any CPU
		{AB2BA6A7-A060-48AF-9743-074F3921EF2E}.Release|Any CPU.ActiveCfg = Release|Any CPU
		{AB2BA6A7-A060-48AF-9743-074F3921EF2E}.Release|Any CPU.Build.0 = Release|Any CPU
		{AB2BA6A7-A060-48AF-9743-074F3921EF2E}.Release|Any CPU.Deploy.0 = Release|Any CPU
		{AB2BA6A7-A060-48AF-9743-074F3921EF2E}.Release|ARM.ActiveCfg = Release|Any CPU
		{AB2BA6A7-A060-48AF-9743-074F3921EF2E}.Release|ARM.Build.0 = Release|Any CPU
		{AB2BA6A7-A060-48AF-9743-074F3921EF2E}.Release|ARM.Deploy.0 = Release|Any CPU
		{AB2BA6A7-A060-48AF-9743-074F3921EF2E}.Release|iPhone.ActiveCfg = Release|Any CPU
		{AB2BA6A7-A060-48AF-9743-074F3921EF2E}.Release|iPhone.Build.0 = Release|Any CPU
		{AB2BA6A7-A060-48AF-9743-074F3921EF2E}.Release|iPhone.Deploy.0 = Release|Any CPU
		{AB2BA6A7-A060-48AF-9743-074F3921EF2E}.Release|iPhoneSimulator.ActiveCfg = Release|Any CPU
		{AB2BA6A7-A060-48AF-9743-074F3921EF2E}.Release|iPhoneSimulator.Build.0 = Release|Any CPU
		{AB2BA6A7-A060-48AF-9743-074F3921EF2E}.Release|iPhoneSimulator.Deploy.0 = Release|Any CPU
		{AB2BA6A7-A060-48AF-9743-074F3921EF2E}.Release|x64.ActiveCfg = Release|Any CPU
		{AB2BA6A7-A060-48AF-9743-074F3921EF2E}.Release|x64.Build.0 = Release|Any CPU
		{AB2BA6A7-A060-48AF-9743-074F3921EF2E}.Release|x64.Deploy.0 = Release|Any CPU
		{AB2BA6A7-A060-48AF-9743-074F3921EF2E}.Release|x86.ActiveCfg = Release|Any CPU
		{AB2BA6A7-A060-48AF-9743-074F3921EF2E}.Release|x86.Build.0 = Release|Any CPU
		{AB2BA6A7-A060-48AF-9743-074F3921EF2E}.Release|x86.Deploy.0 = Release|Any CPU
		{F694BAC4-F46A-4A2B-83FF-4ED5FEA23A11}.Ad-Hoc|Any CPU.ActiveCfg = Ad-Hoc|iPhone
		{F694BAC4-F46A-4A2B-83FF-4ED5FEA23A11}.Ad-Hoc|ARM.ActiveCfg = Ad-Hoc|iPhone
		{F694BAC4-F46A-4A2B-83FF-4ED5FEA23A11}.Ad-Hoc|iPhone.ActiveCfg = Ad-Hoc|iPhone
		{F694BAC4-F46A-4A2B-83FF-4ED5FEA23A11}.Ad-Hoc|iPhone.Build.0 = Ad-Hoc|iPhone
		{F694BAC4-F46A-4A2B-83FF-4ED5FEA23A11}.Ad-Hoc|iPhoneSimulator.ActiveCfg = Ad-Hoc|iPhoneSimulator
		{F694BAC4-F46A-4A2B-83FF-4ED5FEA23A11}.Ad-Hoc|iPhoneSimulator.Build.0 = Ad-Hoc|iPhoneSimulator
		{F694BAC4-F46A-4A2B-83FF-4ED5FEA23A11}.Ad-Hoc|x64.ActiveCfg = Ad-Hoc|iPhone
		{F694BAC4-F46A-4A2B-83FF-4ED5FEA23A11}.Ad-Hoc|x86.ActiveCfg = Ad-Hoc|iPhone
		{F694BAC4-F46A-4A2B-83FF-4ED5FEA23A11}.AppStore|Any CPU.ActiveCfg = AppStore|iPhone
		{F694BAC4-F46A-4A2B-83FF-4ED5FEA23A11}.AppStore|ARM.ActiveCfg = AppStore|iPhone
		{F694BAC4-F46A-4A2B-83FF-4ED5FEA23A11}.AppStore|iPhone.ActiveCfg = AppStore|iPhone
		{F694BAC4-F46A-4A2B-83FF-4ED5FEA23A11}.AppStore|iPhone.Build.0 = AppStore|iPhone
		{F694BAC4-F46A-4A2B-83FF-4ED5FEA23A11}.AppStore|iPhoneSimulator.ActiveCfg = AppStore|iPhoneSimulator
		{F694BAC4-F46A-4A2B-83FF-4ED5FEA23A11}.AppStore|iPhoneSimulator.Build.0 = AppStore|iPhoneSimulator
		{F694BAC4-F46A-4A2B-83FF-4ED5FEA23A11}.AppStore|x64.ActiveCfg = AppStore|iPhone
		{F694BAC4-F46A-4A2B-83FF-4ED5FEA23A11}.AppStore|x86.ActiveCfg = AppStore|iPhone
		{F694BAC4-F46A-4A2B-83FF-4ED5FEA23A11}.Debug|Any CPU.ActiveCfg = Debug|iPhone
		{F694BAC4-F46A-4A2B-83FF-4ED5FEA23A11}.Debug|ARM.ActiveCfg = Debug|iPhone
		{F694BAC4-F46A-4A2B-83FF-4ED5FEA23A11}.Debug|iPhone.ActiveCfg = Debug|iPhone
		{F694BAC4-F46A-4A2B-83FF-4ED5FEA23A11}.Debug|iPhone.Build.0 = Debug|iPhone
		{F694BAC4-F46A-4A2B-83FF-4ED5FEA23A11}.Debug|iPhoneSimulator.ActiveCfg = Debug|iPhoneSimulator
		{F694BAC4-F46A-4A2B-83FF-4ED5FEA23A11}.Debug|iPhoneSimulator.Build.0 = Debug|iPhoneSimulator
		{F694BAC4-F46A-4A2B-83FF-4ED5FEA23A11}.Debug|x64.ActiveCfg = Debug|iPhone
		{F694BAC4-F46A-4A2B-83FF-4ED5FEA23A11}.Debug|x86.ActiveCfg = Debug|iPhone
		{F694BAC4-F46A-4A2B-83FF-4ED5FEA23A11}.Release|Any CPU.ActiveCfg = Release|iPhone
		{F694BAC4-F46A-4A2B-83FF-4ED5FEA23A11}.Release|ARM.ActiveCfg = Release|iPhone
		{F694BAC4-F46A-4A2B-83FF-4ED5FEA23A11}.Release|iPhone.ActiveCfg = Release|iPhone
		{F694BAC4-F46A-4A2B-83FF-4ED5FEA23A11}.Release|iPhone.Build.0 = Release|iPhone
		{F694BAC4-F46A-4A2B-83FF-4ED5FEA23A11}.Release|iPhoneSimulator.ActiveCfg = Release|iPhoneSimulator
		{F694BAC4-F46A-4A2B-83FF-4ED5FEA23A11}.Release|iPhoneSimulator.Build.0 = Release|iPhoneSimulator
		{F694BAC4-F46A-4A2B-83FF-4ED5FEA23A11}.Release|x64.ActiveCfg = Release|iPhone
		{F694BAC4-F46A-4A2B-83FF-4ED5FEA23A11}.Release|x86.ActiveCfg = Release|iPhone
		{2064106F-3B36-4D41-8C62-B104A510A7DC}.Ad-Hoc|Any CPU.ActiveCfg = Release|Any CPU
		{2064106F-3B36-4D41-8C62-B104A510A7DC}.Ad-Hoc|Any CPU.Build.0 = Release|Any CPU
		{2064106F-3B36-4D41-8C62-B104A510A7DC}.Ad-Hoc|Any CPU.Deploy.0 = Release|Any CPU
		{2064106F-3B36-4D41-8C62-B104A510A7DC}.Ad-Hoc|ARM.ActiveCfg = Release|ARM
		{2064106F-3B36-4D41-8C62-B104A510A7DC}.Ad-Hoc|ARM.Build.0 = Release|ARM
		{2064106F-3B36-4D41-8C62-B104A510A7DC}.Ad-Hoc|ARM.Deploy.0 = Release|ARM
		{2064106F-3B36-4D41-8C62-B104A510A7DC}.Ad-Hoc|iPhone.ActiveCfg = Release|Any CPU
		{2064106F-3B36-4D41-8C62-B104A510A7DC}.Ad-Hoc|iPhone.Build.0 = Release|Any CPU
		{2064106F-3B36-4D41-8C62-B104A510A7DC}.Ad-Hoc|iPhone.Deploy.0 = Release|Any CPU
		{2064106F-3B36-4D41-8C62-B104A510A7DC}.Ad-Hoc|iPhoneSimulator.ActiveCfg = Release|Any CPU
		{2064106F-3B36-4D41-8C62-B104A510A7DC}.Ad-Hoc|iPhoneSimulator.Build.0 = Release|Any CPU
		{2064106F-3B36-4D41-8C62-B104A510A7DC}.Ad-Hoc|iPhoneSimulator.Deploy.0 = Release|Any CPU
		{2064106F-3B36-4D41-8C62-B104A510A7DC}.Ad-Hoc|x64.ActiveCfg = Release|Any CPU
		{2064106F-3B36-4D41-8C62-B104A510A7DC}.Ad-Hoc|x64.Build.0 = Release|Any CPU
		{2064106F-3B36-4D41-8C62-B104A510A7DC}.Ad-Hoc|x64.Deploy.0 = Release|Any CPU
		{2064106F-3B36-4D41-8C62-B104A510A7DC}.Ad-Hoc|x86.ActiveCfg = Release|x86
		{2064106F-3B36-4D41-8C62-B104A510A7DC}.Ad-Hoc|x86.Build.0 = Release|x86
		{2064106F-3B36-4D41-8C62-B104A510A7DC}.Ad-Hoc|x86.Deploy.0 = Release|x86
		{2064106F-3B36-4D41-8C62-B104A510A7DC}.AppStore|Any CPU.ActiveCfg = Release|Any CPU
		{2064106F-3B36-4D41-8C62-B104A510A7DC}.AppStore|Any CPU.Build.0 = Release|Any CPU
		{2064106F-3B36-4D41-8C62-B104A510A7DC}.AppStore|Any CPU.Deploy.0 = Release|Any CPU
		{2064106F-3B36-4D41-8C62-B104A510A7DC}.AppStore|ARM.ActiveCfg = Release|ARM
		{2064106F-3B36-4D41-8C62-B104A510A7DC}.AppStore|ARM.Build.0 = Release|ARM
		{2064106F-3B36-4D41-8C62-B104A510A7DC}.AppStore|ARM.Deploy.0 = Release|ARM
		{2064106F-3B36-4D41-8C62-B104A510A7DC}.AppStore|iPhone.ActiveCfg = Release|Any CPU
		{2064106F-3B36-4D41-8C62-B104A510A7DC}.AppStore|iPhone.Build.0 = Release|Any CPU
		{2064106F-3B36-4D41-8C62-B104A510A7DC}.AppStore|iPhone.Deploy.0 = Release|Any CPU
		{2064106F-3B36-4D41-8C62-B104A510A7DC}.AppStore|iPhoneSimulator.ActiveCfg = Release|Any CPU
		{2064106F-3B36-4D41-8C62-B104A510A7DC}.AppStore|iPhoneSimulator.Build.0 = Release|Any CPU
		{2064106F-3B36-4D41-8C62-B104A510A7DC}.AppStore|iPhoneSimulator.Deploy.0 = Release|Any CPU
		{2064106F-3B36-4D41-8C62-B104A510A7DC}.AppStore|x64.ActiveCfg = Release|Any CPU
		{2064106F-3B36-4D41-8C62-B104A510A7DC}.AppStore|x64.Build.0 = Release|Any CPU
		{2064106F-3B36-4D41-8C62-B104A510A7DC}.AppStore|x64.Deploy.0 = Release|Any CPU
		{2064106F-3B36-4D41-8C62-B104A510A7DC}.AppStore|x86.ActiveCfg = Release|x86
		{2064106F-3B36-4D41-8C62-B104A510A7DC}.AppStore|x86.Build.0 = Release|x86
		{2064106F-3B36-4D41-8C62-B104A510A7DC}.AppStore|x86.Deploy.0 = Release|x86
		{2064106F-3B36-4D41-8C62-B104A510A7DC}.Debug|Any CPU.ActiveCfg = Debug|Any CPU
		{2064106F-3B36-4D41-8C62-B104A510A7DC}.Debug|Any CPU.Build.0 = Debug|Any CPU
		{2064106F-3B36-4D41-8C62-B104A510A7DC}.Debug|Any CPU.Deploy.0 = Debug|Any CPU
		{2064106F-3B36-4D41-8C62-B104A510A7DC}.Debug|ARM.ActiveCfg = Debug|ARM
		{2064106F-3B36-4D41-8C62-B104A510A7DC}.Debug|ARM.Build.0 = Debug|ARM
		{2064106F-3B36-4D41-8C62-B104A510A7DC}.Debug|ARM.Deploy.0 = Debug|ARM
		{2064106F-3B36-4D41-8C62-B104A510A7DC}.Debug|iPhone.ActiveCfg = Debug|Any CPU
		{2064106F-3B36-4D41-8C62-B104A510A7DC}.Debug|iPhone.Build.0 = Debug|Any CPU
		{2064106F-3B36-4D41-8C62-B104A510A7DC}.Debug|iPhone.Deploy.0 = Debug|Any CPU
		{2064106F-3B36-4D41-8C62-B104A510A7DC}.Debug|iPhoneSimulator.ActiveCfg = Debug|Any CPU
		{2064106F-3B36-4D41-8C62-B104A510A7DC}.Debug|iPhoneSimulator.Build.0 = Debug|Any CPU
		{2064106F-3B36-4D41-8C62-B104A510A7DC}.Debug|iPhoneSimulator.Deploy.0 = Debug|Any CPU
		{2064106F-3B36-4D41-8C62-B104A510A7DC}.Debug|x64.ActiveCfg = Debug|Any CPU
		{2064106F-3B36-4D41-8C62-B104A510A7DC}.Debug|x64.Build.0 = Debug|Any CPU
		{2064106F-3B36-4D41-8C62-B104A510A7DC}.Debug|x64.Deploy.0 = Debug|Any CPU
		{2064106F-3B36-4D41-8C62-B104A510A7DC}.Debug|x86.ActiveCfg = Debug|x86
		{2064106F-3B36-4D41-8C62-B104A510A7DC}.Debug|x86.Build.0 = Debug|x86
		{2064106F-3B36-4D41-8C62-B104A510A7DC}.Debug|x86.Deploy.0 = Debug|x86
		{2064106F-3B36-4D41-8C62-B104A510A7DC}.Release|Any CPU.ActiveCfg = Release|Any CPU
		{2064106F-3B36-4D41-8C62-B104A510A7DC}.Release|Any CPU.Build.0 = Release|Any CPU
		{2064106F-3B36-4D41-8C62-B104A510A7DC}.Release|Any CPU.Deploy.0 = Release|Any CPU
		{2064106F-3B36-4D41-8C62-B104A510A7DC}.Release|ARM.ActiveCfg = Release|ARM
		{2064106F-3B36-4D41-8C62-B104A510A7DC}.Release|ARM.Build.0 = Release|ARM
		{2064106F-3B36-4D41-8C62-B104A510A7DC}.Release|ARM.Deploy.0 = Release|ARM
		{2064106F-3B36-4D41-8C62-B104A510A7DC}.Release|iPhone.ActiveCfg = Release|Any CPU
		{2064106F-3B36-4D41-8C62-B104A510A7DC}.Release|iPhone.Build.0 = Release|Any CPU
		{2064106F-3B36-4D41-8C62-B104A510A7DC}.Release|iPhone.Deploy.0 = Release|Any CPU
		{2064106F-3B36-4D41-8C62-B104A510A7DC}.Release|iPhoneSimulator.ActiveCfg = Release|Any CPU
		{2064106F-3B36-4D41-8C62-B104A510A7DC}.Release|iPhoneSimulator.Build.0 = Release|Any CPU
		{2064106F-3B36-4D41-8C62-B104A510A7DC}.Release|iPhoneSimulator.Deploy.0 = Release|Any CPU
		{2064106F-3B36-4D41-8C62-B104A510A7DC}.Release|x64.ActiveCfg = Release|Any CPU
		{2064106F-3B36-4D41-8C62-B104A510A7DC}.Release|x64.Build.0 = Release|Any CPU
		{2064106F-3B36-4D41-8C62-B104A510A7DC}.Release|x64.Deploy.0 = Release|Any CPU
		{2064106F-3B36-4D41-8C62-B104A510A7DC}.Release|x86.ActiveCfg = Release|x86
		{2064106F-3B36-4D41-8C62-B104A510A7DC}.Release|x86.Build.0 = Release|x86
		{2064106F-3B36-4D41-8C62-B104A510A7DC}.Release|x86.Deploy.0 = Release|x86
		{D233A90A-0CEB-41D4-BE91-BA2B8FAFE69A}.Ad-Hoc|Any CPU.ActiveCfg = Release|Any CPU
		{D233A90A-0CEB-41D4-BE91-BA2B8FAFE69A}.Ad-Hoc|Any CPU.Build.0 = Release|Any CPU
		{D233A90A-0CEB-41D4-BE91-BA2B8FAFE69A}.Ad-Hoc|Any CPU.Deploy.0 = Release|Any CPU
		{D233A90A-0CEB-41D4-BE91-BA2B8FAFE69A}.Ad-Hoc|ARM.ActiveCfg = Release|ARM
		{D233A90A-0CEB-41D4-BE91-BA2B8FAFE69A}.Ad-Hoc|ARM.Build.0 = Release|ARM
		{D233A90A-0CEB-41D4-BE91-BA2B8FAFE69A}.Ad-Hoc|ARM.Deploy.0 = Release|ARM
		{D233A90A-0CEB-41D4-BE91-BA2B8FAFE69A}.Ad-Hoc|iPhone.ActiveCfg = Release|Any CPU
		{D233A90A-0CEB-41D4-BE91-BA2B8FAFE69A}.Ad-Hoc|iPhone.Build.0 = Release|Any CPU
		{D233A90A-0CEB-41D4-BE91-BA2B8FAFE69A}.Ad-Hoc|iPhone.Deploy.0 = Release|Any CPU
		{D233A90A-0CEB-41D4-BE91-BA2B8FAFE69A}.Ad-Hoc|iPhoneSimulator.ActiveCfg = Release|Any CPU
		{D233A90A-0CEB-41D4-BE91-BA2B8FAFE69A}.Ad-Hoc|iPhoneSimulator.Build.0 = Release|Any CPU
		{D233A90A-0CEB-41D4-BE91-BA2B8FAFE69A}.Ad-Hoc|iPhoneSimulator.Deploy.0 = Release|Any CPU
		{D233A90A-0CEB-41D4-BE91-BA2B8FAFE69A}.Ad-Hoc|x64.ActiveCfg = Release|x64
		{D233A90A-0CEB-41D4-BE91-BA2B8FAFE69A}.Ad-Hoc|x64.Build.0 = Release|x64
		{D233A90A-0CEB-41D4-BE91-BA2B8FAFE69A}.Ad-Hoc|x64.Deploy.0 = Release|x64
		{D233A90A-0CEB-41D4-BE91-BA2B8FAFE69A}.Ad-Hoc|x86.ActiveCfg = Release|x86
		{D233A90A-0CEB-41D4-BE91-BA2B8FAFE69A}.Ad-Hoc|x86.Build.0 = Release|x86
		{D233A90A-0CEB-41D4-BE91-BA2B8FAFE69A}.Ad-Hoc|x86.Deploy.0 = Release|x86
		{D233A90A-0CEB-41D4-BE91-BA2B8FAFE69A}.AppStore|Any CPU.ActiveCfg = Release|Any CPU
		{D233A90A-0CEB-41D4-BE91-BA2B8FAFE69A}.AppStore|Any CPU.Build.0 = Release|Any CPU
		{D233A90A-0CEB-41D4-BE91-BA2B8FAFE69A}.AppStore|Any CPU.Deploy.0 = Release|Any CPU
		{D233A90A-0CEB-41D4-BE91-BA2B8FAFE69A}.AppStore|ARM.ActiveCfg = Release|ARM
		{D233A90A-0CEB-41D4-BE91-BA2B8FAFE69A}.AppStore|ARM.Build.0 = Release|ARM
		{D233A90A-0CEB-41D4-BE91-BA2B8FAFE69A}.AppStore|ARM.Deploy.0 = Release|ARM
		{D233A90A-0CEB-41D4-BE91-BA2B8FAFE69A}.AppStore|iPhone.ActiveCfg = Release|Any CPU
		{D233A90A-0CEB-41D4-BE91-BA2B8FAFE69A}.AppStore|iPhone.Build.0 = Release|Any CPU
		{D233A90A-0CEB-41D4-BE91-BA2B8FAFE69A}.AppStore|iPhone.Deploy.0 = Release|Any CPU
		{D233A90A-0CEB-41D4-BE91-BA2B8FAFE69A}.AppStore|iPhoneSimulator.ActiveCfg = Release|Any CPU
		{D233A90A-0CEB-41D4-BE91-BA2B8FAFE69A}.AppStore|iPhoneSimulator.Build.0 = Release|Any CPU
		{D233A90A-0CEB-41D4-BE91-BA2B8FAFE69A}.AppStore|iPhoneSimulator.Deploy.0 = Release|Any CPU
		{D233A90A-0CEB-41D4-BE91-BA2B8FAFE69A}.AppStore|x64.ActiveCfg = Release|x64
		{D233A90A-0CEB-41D4-BE91-BA2B8FAFE69A}.AppStore|x64.Build.0 = Release|x64
		{D233A90A-0CEB-41D4-BE91-BA2B8FAFE69A}.AppStore|x64.Deploy.0 = Release|x64
		{D233A90A-0CEB-41D4-BE91-BA2B8FAFE69A}.AppStore|x86.ActiveCfg = Release|x86
		{D233A90A-0CEB-41D4-BE91-BA2B8FAFE69A}.AppStore|x86.Build.0 = Release|x86
		{D233A90A-0CEB-41D4-BE91-BA2B8FAFE69A}.AppStore|x86.Deploy.0 = Release|x86
		{D233A90A-0CEB-41D4-BE91-BA2B8FAFE69A}.Debug|Any CPU.ActiveCfg = Debug|Any CPU
		{D233A90A-0CEB-41D4-BE91-BA2B8FAFE69A}.Debug|Any CPU.Build.0 = Debug|Any CPU
		{D233A90A-0CEB-41D4-BE91-BA2B8FAFE69A}.Debug|Any CPU.Deploy.0 = Debug|Any CPU
		{D233A90A-0CEB-41D4-BE91-BA2B8FAFE69A}.Debug|ARM.ActiveCfg = Debug|ARM
		{D233A90A-0CEB-41D4-BE91-BA2B8FAFE69A}.Debug|ARM.Build.0 = Debug|ARM
		{D233A90A-0CEB-41D4-BE91-BA2B8FAFE69A}.Debug|ARM.Deploy.0 = Debug|ARM
		{D233A90A-0CEB-41D4-BE91-BA2B8FAFE69A}.Debug|iPhone.ActiveCfg = Debug|Any CPU
		{D233A90A-0CEB-41D4-BE91-BA2B8FAFE69A}.Debug|iPhone.Build.0 = Debug|Any CPU
		{D233A90A-0CEB-41D4-BE91-BA2B8FAFE69A}.Debug|iPhone.Deploy.0 = Debug|Any CPU
		{D233A90A-0CEB-41D4-BE91-BA2B8FAFE69A}.Debug|iPhoneSimulator.ActiveCfg = Debug|Any CPU
		{D233A90A-0CEB-41D4-BE91-BA2B8FAFE69A}.Debug|iPhoneSimulator.Build.0 = Debug|Any CPU
		{D233A90A-0CEB-41D4-BE91-BA2B8FAFE69A}.Debug|iPhoneSimulator.Deploy.0 = Debug|Any CPU
		{D233A90A-0CEB-41D4-BE91-BA2B8FAFE69A}.Debug|x64.ActiveCfg = Debug|x64
		{D233A90A-0CEB-41D4-BE91-BA2B8FAFE69A}.Debug|x64.Build.0 = Debug|x64
		{D233A90A-0CEB-41D4-BE91-BA2B8FAFE69A}.Debug|x64.Deploy.0 = Debug|x64
		{D233A90A-0CEB-41D4-BE91-BA2B8FAFE69A}.Debug|x86.ActiveCfg = Debug|x86
		{D233A90A-0CEB-41D4-BE91-BA2B8FAFE69A}.Debug|x86.Build.0 = Debug|x86
		{D233A90A-0CEB-41D4-BE91-BA2B8FAFE69A}.Debug|x86.Deploy.0 = Debug|x86
		{D233A90A-0CEB-41D4-BE91-BA2B8FAFE69A}.Release|Any CPU.ActiveCfg = Release|Any CPU
		{D233A90A-0CEB-41D4-BE91-BA2B8FAFE69A}.Release|Any CPU.Build.0 = Release|Any CPU
		{D233A90A-0CEB-41D4-BE91-BA2B8FAFE69A}.Release|Any CPU.Deploy.0 = Release|Any CPU
		{D233A90A-0CEB-41D4-BE91-BA2B8FAFE69A}.Release|ARM.ActiveCfg = Release|ARM
		{D233A90A-0CEB-41D4-BE91-BA2B8FAFE69A}.Release|ARM.Build.0 = Release|ARM
		{D233A90A-0CEB-41D4-BE91-BA2B8FAFE69A}.Release|ARM.Deploy.0 = Release|ARM
		{D233A90A-0CEB-41D4-BE91-BA2B8FAFE69A}.Release|iPhone.ActiveCfg = Release|Any CPU
		{D233A90A-0CEB-41D4-BE91-BA2B8FAFE69A}.Release|iPhone.Build.0 = Release|Any CPU
		{D233A90A-0CEB-41D4-BE91-BA2B8FAFE69A}.Release|iPhone.Deploy.0 = Release|Any CPU
		{D233A90A-0CEB-41D4-BE91-BA2B8FAFE69A}.Release|iPhoneSimulator.ActiveCfg = Release|Any CPU
		{D233A90A-0CEB-41D4-BE91-BA2B8FAFE69A}.Release|iPhoneSimulator.Build.0 = Release|Any CPU
		{D233A90A-0CEB-41D4-BE91-BA2B8FAFE69A}.Release|iPhoneSimulator.Deploy.0 = Release|Any CPU
		{D233A90A-0CEB-41D4-BE91-BA2B8FAFE69A}.Release|x64.ActiveCfg = Release|x64
		{D233A90A-0CEB-41D4-BE91-BA2B8FAFE69A}.Release|x64.Build.0 = Release|x64
		{D233A90A-0CEB-41D4-BE91-BA2B8FAFE69A}.Release|x64.Deploy.0 = Release|x64
		{D233A90A-0CEB-41D4-BE91-BA2B8FAFE69A}.Release|x86.ActiveCfg = Release|x86
		{D233A90A-0CEB-41D4-BE91-BA2B8FAFE69A}.Release|x86.Build.0 = Release|x86
		{D233A90A-0CEB-41D4-BE91-BA2B8FAFE69A}.Release|x86.Deploy.0 = Release|x86
		{0F3FD51E-ED6D-4310-B969-A1A28916D109}.Ad-Hoc|Any CPU.ActiveCfg = Release|Any CPU
		{0F3FD51E-ED6D-4310-B969-A1A28916D109}.Ad-Hoc|Any CPU.Build.0 = Release|Any CPU
		{0F3FD51E-ED6D-4310-B969-A1A28916D109}.Ad-Hoc|ARM.ActiveCfg = Release|Any CPU
		{0F3FD51E-ED6D-4310-B969-A1A28916D109}.Ad-Hoc|ARM.Build.0 = Release|Any CPU
		{0F3FD51E-ED6D-4310-B969-A1A28916D109}.Ad-Hoc|iPhone.ActiveCfg = Release|Any CPU
		{0F3FD51E-ED6D-4310-B969-A1A28916D109}.Ad-Hoc|iPhone.Build.0 = Release|Any CPU
		{0F3FD51E-ED6D-4310-B969-A1A28916D109}.Ad-Hoc|iPhoneSimulator.ActiveCfg = Release|Any CPU
		{0F3FD51E-ED6D-4310-B969-A1A28916D109}.Ad-Hoc|iPhoneSimulator.Build.0 = Release|Any CPU
		{0F3FD51E-ED6D-4310-B969-A1A28916D109}.Ad-Hoc|x64.ActiveCfg = Release|Any CPU
		{0F3FD51E-ED6D-4310-B969-A1A28916D109}.Ad-Hoc|x64.Build.0 = Release|Any CPU
		{0F3FD51E-ED6D-4310-B969-A1A28916D109}.Ad-Hoc|x86.ActiveCfg = Release|Any CPU
		{0F3FD51E-ED6D-4310-B969-A1A28916D109}.Ad-Hoc|x86.Build.0 = Release|Any CPU
		{0F3FD51E-ED6D-4310-B969-A1A28916D109}.AppStore|Any CPU.ActiveCfg = Release|Any CPU
		{0F3FD51E-ED6D-4310-B969-A1A28916D109}.AppStore|Any CPU.Build.0 = Release|Any CPU
		{0F3FD51E-ED6D-4310-B969-A1A28916D109}.AppStore|ARM.ActiveCfg = Release|Any CPU
		{0F3FD51E-ED6D-4310-B969-A1A28916D109}.AppStore|ARM.Build.0 = Release|Any CPU
		{0F3FD51E-ED6D-4310-B969-A1A28916D109}.AppStore|iPhone.ActiveCfg = Release|Any CPU
		{0F3FD51E-ED6D-4310-B969-A1A28916D109}.AppStore|iPhone.Build.0 = Release|Any CPU
		{0F3FD51E-ED6D-4310-B969-A1A28916D109}.AppStore|iPhoneSimulator.ActiveCfg = Release|Any CPU
		{0F3FD51E-ED6D-4310-B969-A1A28916D109}.AppStore|iPhoneSimulator.Build.0 = Release|Any CPU
		{0F3FD51E-ED6D-4310-B969-A1A28916D109}.AppStore|x64.ActiveCfg = Release|Any CPU
		{0F3FD51E-ED6D-4310-B969-A1A28916D109}.AppStore|x64.Build.0 = Release|Any CPU
		{0F3FD51E-ED6D-4310-B969-A1A28916D109}.AppStore|x86.ActiveCfg = Release|Any CPU
		{0F3FD51E-ED6D-4310-B969-A1A28916D109}.AppStore|x86.Build.0 = Release|Any CPU
		{0F3FD51E-ED6D-4310-B969-A1A28916D109}.Debug|Any CPU.ActiveCfg = Debug|Any CPU
		{0F3FD51E-ED6D-4310-B969-A1A28916D109}.Debug|Any CPU.Build.0 = Debug|Any CPU
		{0F3FD51E-ED6D-4310-B969-A1A28916D109}.Debug|ARM.ActiveCfg = Debug|Any CPU
		{0F3FD51E-ED6D-4310-B969-A1A28916D109}.Debug|ARM.Build.0 = Debug|Any CPU
		{0F3FD51E-ED6D-4310-B969-A1A28916D109}.Debug|iPhone.ActiveCfg = Debug|Any CPU
		{0F3FD51E-ED6D-4310-B969-A1A28916D109}.Debug|iPhone.Build.0 = Debug|Any CPU
		{0F3FD51E-ED6D-4310-B969-A1A28916D109}.Debug|iPhoneSimulator.ActiveCfg = Debug|Any CPU
		{0F3FD51E-ED6D-4310-B969-A1A28916D109}.Debug|iPhoneSimulator.Build.0 = Debug|Any CPU
		{0F3FD51E-ED6D-4310-B969-A1A28916D109}.Debug|x64.ActiveCfg = Debug|Any CPU
		{0F3FD51E-ED6D-4310-B969-A1A28916D109}.Debug|x64.Build.0 = Debug|Any CPU
		{0F3FD51E-ED6D-4310-B969-A1A28916D109}.Debug|x86.ActiveCfg = Debug|Any CPU
		{0F3FD51E-ED6D-4310-B969-A1A28916D109}.Debug|x86.Build.0 = Debug|Any CPU
		{0F3FD51E-ED6D-4310-B969-A1A28916D109}.Release|Any CPU.ActiveCfg = Release|Any CPU
		{0F3FD51E-ED6D-4310-B969-A1A28916D109}.Release|Any CPU.Build.0 = Release|Any CPU
		{0F3FD51E-ED6D-4310-B969-A1A28916D109}.Release|ARM.ActiveCfg = Release|Any CPU
		{0F3FD51E-ED6D-4310-B969-A1A28916D109}.Release|ARM.Build.0 = Release|Any CPU
		{0F3FD51E-ED6D-4310-B969-A1A28916D109}.Release|iPhone.ActiveCfg = Release|Any CPU
		{0F3FD51E-ED6D-4310-B969-A1A28916D109}.Release|iPhone.Build.0 = Release|Any CPU
		{0F3FD51E-ED6D-4310-B969-A1A28916D109}.Release|iPhoneSimulator.ActiveCfg = Release|Any CPU
		{0F3FD51E-ED6D-4310-B969-A1A28916D109}.Release|iPhoneSimulator.Build.0 = Release|Any CPU
		{0F3FD51E-ED6D-4310-B969-A1A28916D109}.Release|x64.ActiveCfg = Release|Any CPU
		{0F3FD51E-ED6D-4310-B969-A1A28916D109}.Release|x64.Build.0 = Release|Any CPU
		{0F3FD51E-ED6D-4310-B969-A1A28916D109}.Release|x86.ActiveCfg = Release|Any CPU
		{0F3FD51E-ED6D-4310-B969-A1A28916D109}.Release|x86.Build.0 = Release|Any CPU
	EndGlobalSection
	GlobalSection(SolutionProperties) = preSolution
		HideSolutionNode = FALSE
	EndGlobalSection
EndGlobal
